
Microsoft Visual Studio Solution File, Format Version 12.00
Project("{FAE04EC0-301F-11D3-BF4B-00C04F79EFBC}") = "Ettermi_RendelesekOOP", "Ettermi_RendelesekOOP\Ettermi_RendelesekOOP.csproj", "{3027F3F9-C426-4DDF-9860-A9759299FFA7}"
EndProject
Global
	GlobalSection(SolutionConfigurationPlatforms) = preSolution
		Debug|Any CPU = Debug|Any CPU
		Release|Any CPU = Release|Any CPU
	EndGlobalSection
	GlobalSection(ProjectConfigurationPlatforms) = postSolution
		{3027F3F9-C426-4DDF-9860-A9759299FFA7}.Debug|Any CPU.ActiveCfg = Debug|Any CPU
		{3027F3F9-C426-4DDF-9860-A9759299FFA7}.Debug|Any CPU.Build.0 = Debug|Any CPU
		{3027F3F9-C426-4DDF-9860-A9759299FFA7}.Release|Any CPU.ActiveCfg = Release|Any CPU
		{3027F3F9-C426-4DDF-9860-A9759299FFA7}.Release|Any CPU.Build.0 = Release|Any CPU
	EndGlobalSection
EndGlobal
